
Microsoft Visual Studio Solution File, Format Version 12.00
# Visual Studio Version 16
VisualStudioVersion = 16.0.32901.82
MinimumVisualStudioVersion = 10.0.40219.1
Project("{FAE04EC0-301F-11D3-BF4B-00C04F79EFBC}") = "devoir3", "devoir3.csproj", "{1ACB9009-0916-479D-AAFE-B5898DF0ADF5}"
EndProject
Global
	GlobalSection(SolutionConfigurationPlatforms) = preSolution
		Debug|Any CPU = Debug|Any CPU
		Release|Any CPU = Release|Any CPU
	EndGlobalSection
	GlobalSection(ProjectConfigurationPlatforms) = postSolution
		{1ACB9009-0916-479D-AAFE-B5898DF0ADF5}.Debug|Any CPU.ActiveCfg = Debug|Any CPU
		{1ACB9009-0916-479D-AAFE-B5898DF0ADF5}.Debug|Any CPU.Build.0 = Debug|Any CPU
		{1ACB9009-0916-479D-AAFE-B5898DF0ADF5}.Release|Any CPU.ActiveCfg = Release|Any CPU
		{1ACB9009-0916-479D-AAFE-B5898DF0ADF5}.Release|Any CPU.Build.0 = Release|Any CPU
	EndGlobalSection
	GlobalSection(SolutionProperties) = preSolution
		HideSolutionNode = FALSE
	EndGlobalSection
	GlobalSection(ExtensibilityGlobals) = postSolution
		SolutionGuid = {934B265C-1BAC-4A35-A424-128604C68B13}
	EndGlobalSection
EndGlobal
